
Microsoft Visual Studio Solution File, Format Version 12.00
# Visual Studio Version 16
VisualStudioVersion = 16.0.31129.286
MinimumVisualStudioVersion = 10.0.40219.1
Project("{FAE04EC0-301F-11D3-BF4B-00C04F79EFBC}") = "Eduhome", "Eduhome\Eduhome.csproj", "{81FADE87-1E7D-4EFA-B375-593D01C5402C}"
EndProject
Global
	GlobalSection(SolutionConfigurationPlatforms) = preSolution
		Debug|Any CPU = Debug|Any CPU
		Release|Any CPU = Release|Any CPU
	EndGlobalSection
	GlobalSection(ProjectConfigurationPlatforms) = postSolution
		{81FADE87-1E7D-4EFA-B375-593D01C5402C}.Debug|Any CPU.ActiveCfg = Debug|Any CPU
		{81FADE87-1E7D-4EFA-B375-593D01C5402C}.Debug|Any CPU.Build.0 = Debug|Any CPU
		{81FADE87-1E7D-4EFA-B375-593D01C5402C}.Release|Any CPU.ActiveCfg = Release|Any CPU
		{81FADE87-1E7D-4EFA-B375-593D01C5402C}.Release|Any CPU.Build.0 = Release|Any CPU
	EndGlobalSection
	GlobalSection(SolutionProperties) = preSolution
		HideSolutionNode = FALSE
	EndGlobalSection
	GlobalSection(ExtensibilityGlobals) = postSolution
		SolutionGuid = {4BCBFF59-1216-453D-9351-F79977BAB9C1}
	EndGlobalSection
EndGlobal
